// !$*UTF8*$!
{
	archiveVersion = 1;
	classes = {
	};
	objectVersion = 77;
	objects = {

/* Begin PBXContainerItemProxy section */
		3FDE29622E2B25D900131EF6 /* PBXContainerItemProxy */ = {
			isa = PBXContainerItemProxy;
			containerPortal = 3FDE29472E2B25D800131EF6 /* Project object */;
			proxyType = 1;
			remoteGlobalIDString = 3FDE294E2E2B25D800131EF6;
			remoteInfo = SafeNightWalk;
		};
		3FDE296C2E2B25D900131EF6 /* PBXContainerItemProxy */ = {
			isa = PBXContainerItemProxy;
			containerPortal = 3FDE29472E2B25D800131EF6 /* Project object */;
			proxyType = 1;
			remoteGlobalIDString = 3FDE294E2E2B25D800131EF6;
			remoteInfo = SafeNightWalk;
		};
/* End PBXContainerItemProxy section */

/* Begin PBXFileReference section */
		3FDE294F2E2B25D800131EF6 /* SafeNightWalk.app */ = {isa = PBXFileReference; explicitFileType = wrapper.application; includeInIndex = 0; path = SafeNightWalk.app; sourceTree = BUILT_PRODUCTS_DIR; };
		3FDE29612E2B25D900131EF6 /* SafeNightWalkTests.xctest */ = {isa = PBXFileReference; explicitFileType = wrapper.cfbundle; includeInIndex = 0; path = SafeNightWalkTests.xctest; sourceTree = BUILT_PRODUCTS_DIR; };
		3FDE296B2E2B25D900131EF6 /* SafeNightWalkUITests.xctest */ = {isa = PBXFileReference; explicitFileType = wrapper.cfbundle; includeInIndex = 0; path = SafeNightWalkUITests.xctest; sourceTree = BUILT_PRODUCTS_DIR; };
/* End PBXFileReference section */

/* Begin PBXFileSystemSynchronizedRootGroup section */
		3FDE29512E2B25D800131EF6 /* SafeNightWalk */ = {
			isa = PBXFileSystemSynchronizedRootGroup;
			path = SafeNightWalk;
			sourceTree = "<group>";
		};
		3FDE29642E2B25D900131EF6 /* SafeNightWalkTests */ = {
			isa = PBXFileSystemSynchronizedRootGroup;
			path = SafeNightWalkTests;
			sourceTree = "<group>";
		};
		3FDE296E2E2B25D900131EF6 /* SafeNightWalkUITests */ = {
			isa = PBXFileSystemSynchronizedRootGroup;
			path = SafeNightWalkUITests;
			sourceTree = "<group>";
		};
/* End PBXFileSystemSynchronizedRootGroup section */

/* Begin PBXFrameworksBuildPhase section */
		3FDE294C2E2B25D800131EF6 /* Frameworks */ = {
			isa = PBXFrameworksBuildPhase;
			buildActionMask = 2147483647;
			files = (
			);
			runOnlyForDeploymentPostprocessing = 0;
		};
		3FDE295E2E2B25D900131EF6 /* Frameworks */ = {
			isa = PBXFrameworksBuildPhase;
			buildActionMask = 2147483647;
			files = (
			);
			runOnlyForDeploymentPostprocessing = 0;
		};
		3FDE29682E2B25D900131EF6 /* Frameworks */ = {
			isa = PBXFrameworksBuildPhase;
			buildActionMask = 2147483647;
			files = (
			);
			runOnlyForDeploymentPostprocessing = 0;
		};
/* End PBXFrameworksBuildPhase section */

/* Begin PBXGroup section */
		3FDE29462E2B25D800131EF6 = {
			isa = PBXGroup;
			children = (
				3FDE29512E2B25D800131EF6 /* SafeNightWalk */,
				3FDE29642E2B25D900131EF6 /* SafeNightWalkTests */,
				3FDE296E2E2B25D900131EF6 /* SafeNightWalkUITests */,
				3FDE29502E2B25D800131EF6 /* Products */,
			);
			sourceTree = "<group>";
		};
		3FDE29502E2B25D800131EF6 /* Products */ = {
			isa = PBXGroup;
			children = (
				3FDE294F2E2B25D800131EF6 /* SafeNightWalk.app */,
				3FDE29612E2B25D900131EF6 /* SafeNightWalkTests.xctest */,
				3FDE296B2E2B25D900131EF6 /* SafeNightWalkUITests.xctest */,
			);
			name = Products;
			sourceTree = "<group>";
		};
/* End PBXGroup section */

/* Begin PBXNativeTarget section */
		3FDE294E2E2B25D800131EF6 /* SafeNightWalk */ = {
			isa = PBXNativeTarget;
			buildConfigurationList = 3FDE29752E2B25D900131EF6 /* Build configuration list for PBXNativeTarget "SafeNightWalk" */;
			buildPhases = (
				3FDE294B2E2B25D800131EF6 /* Sources */,
				3FDE294C2E2B25D800131EF6 /* Frameworks */,
				3FDE294D2E2B25D800131EF6 /* Resources */,
			);
			buildRules = (
			);
			dependencies = (
			);
			fileSystemSynchronizedGroups = (
				3FDE29512E2B25D800131EF6 /* SafeNightWalk */,
			);
			name = SafeNightWalk;
			packageProductDependencies = (
			);
			productName = SafeNightWalk;
			productReference = 3FDE294F2E2B25D800131EF6 /* SafeNightWalk.app */;
			productType = "com.apple.product-type.application";
		};
		3FDE29602E2B25D900131EF6 /* SafeNightWalkTests */ = {
			isa = PBXNativeTarget;
			buildConfigurationList = 3FDE29782E2B25D900131EF6 /* Build configuration list for PBXNativeTarget "SafeNightWalkTests" */;
			buildPhases = (
				3FDE295D2E2B25D900131EF6 /* Sources */,
				3FDE295E2E2B25D900131EF6 /* Frameworks */,
				3FDE295F2E2B25D900131EF6 /* Resources */,
			);
			buildRules = (
			);
			dependencies = (
				3FDE29632E2B25D900131EF6 /* PBXTargetDependency */,
			);
			fileSystemSynchronizedGroups = (
				3FDE29642E2B25D900131EF6 /* SafeNightWalkTests */,
			);
			name = SafeNightWalkTests;
			packageProductDependencies = (
			);
			productName = SafeNightWalkTests;
			productReference = 3FDE29612E2B25D900131EF6 /* SafeNightWalkTests.xctest */;
			productType = "com.apple.product-type.bundle.unit-test";
		};
		3FDE296A2E2B25D900131EF6 /* SafeNightWalkUITests */ = {
			isa = PBXNativeTarget;
			buildConfigurationList = 3FDE297B2E2B25D900131EF6 /* Build configuration list for PBXNativeTarget "SafeNightWalkUITests" */;
			buildPhases = (
				3FDE29672E2B25D900131EF6 /* Sources */,
				3FDE29682E2B25D900131EF6 /* Frameworks */,
				3FDE29692E2B25D900131EF6 /* Resources */,
			);
			buildRules = (
			);
			dependencies = (
				3FDE296D2E2B25D900131EF6 /* PBXTargetDependency */,
			);
			fileSystemSynchronizedGroups = (
				3FDE296E2E2B25D900131EF6 /* SafeNightWalkUITests */,
			);
			name = SafeNightWalkUITests;
			packageProductDependencies = (
			);
			productName = SafeNightWalkUITests;
			productReference = 3FDE296B2E2B25D900131EF6 /* SafeNightWalkUITests.xctest */;
			productType = "com.apple.product-type.bundle.ui-testing";
		};
/* End PBXNativeTarget section */

/* Begin PBXProject section */
		3FDE29472E2B25D800131EF6 /* Project object */ = {
			isa = PBXProject;
			attributes = {
				BuildIndependentTargetsInParallel = 1;
				LastSwiftUpdateCheck = 1620;
				LastUpgradeCheck = 1620;
				TargetAttributes = {
					3FDE294E2E2B25D800131EF6 = {
						CreatedOnToolsVersion = 16.2;
					};
					3FDE29602E2B25D900131EF6 = {
						CreatedOnToolsVersion = 16.2;
						TestTargetID = 3FDE294E2E2B25D800131EF6;
					};
					3FDE296A2E2B25D900131EF6 = {
						CreatedOnToolsVersion = 16.2;
						TestTargetID = 3FDE294E2E2B25D800131EF6;
					};
				};
			};
			buildConfigurationList = 3FDE294A2E2B25D800131EF6 /* Build configuration list for PBXProject "SafeNightWalk" */;
			developmentRegion = en;
			hasScannedForEncodings = 0;
			knownRegions = (
				en,
				Base,
			);
			mainGroup = 3FDE29462E2B25D800131EF6;
			minimizedProjectReferenceProxies = 1;
			preferredProjectObjectVersion = 77;
			productRefGroup = 3FDE29502E2B25D800131EF6 /* Products */;
			projectDirPath = "";
			projectRoot = "";
			targets = (
				3FDE294E2E2B25D800131EF6 /* SafeNightWalk */,
				3FDE29602E2B25D900131EF6 /* SafeNightWalkTests */,
				3FDE296A2E2B25D900131EF6 /* SafeNightWalkUITests */,
			);
		};
/* End PBXProject section */

/* Begin PBXResourcesBuildPhase section */
		3FDE294D2E2B25D800131EF6 /* Resources */ = {
			isa = PBXResourcesBuildPhase;
			buildActionMask = 2147483647;
			files = (
			);
			runOnlyForDeploymentPostprocessing = 0;
		};
		3FDE295F2E2B25D900131EF6 /* Resources */ = {
			isa = PBXResourcesBuildPhase;
			buildActionMask = 2147483647;
			files = (
			);
			runOnlyForDeploymentPostprocessing = 0;
		};
		3FDE29692E2B25D900131EF6 /* Resources */ = {
			isa = PBXResourcesBuildPhase;
			buildActionMask = 2147483647;
			files = (
			);
			runOnlyForDeploymentPostprocessing = 0;
		};
/* End PBXResourcesBuildPhase section */

/* Begin PBXSourcesBuildPhase section */
		3FDE294B2E2B25D800131EF6 /* Sources */ = {
			isa = PBXSourcesBuildPhase;
			buildActionMask = 2147483647;
			files = (
			);
			runOnlyForDeploymentPostprocessing = 0;
		};
		3FDE295D2E2B25D900131EF6 /* Sources */ = {
			isa = PBXSourcesBuildPhase;
			buildActionMask = 2147483647;
			files = (
			);
			runOnlyForDeploymentPostprocessing = 0;
		};
		3FDE29672E2B25D900131EF6 /* Sources */ = {
			isa = PBXSourcesBuildPhase;
			buildActionMask = 2147483647;
			files = (
			);
			runOnlyForDeploymentPostprocessing = 0;
		};
/* End PBXSourcesBuildPhase section */

/* Begin PBXTargetDependency section */
		3FDE29632E2B25D900131EF6 /* PBXTargetDependency */ = {
			isa = PBXTargetDependency;
			target = 3FDE294E2E2B25D800131EF6 /* SafeNightWalk */;
			targetProxy = 3FDE29622E2B25D900131EF6 /* PBXContainerItemProxy */;
		};
		3FDE296D2E2B25D900131EF6 /* PBXTargetDependency */ = {
			isa = PBXTargetDependency;
			target = 3FDE294E2E2B25D800131EF6 /* SafeNightWalk */;
			targetProxy = 3FDE296C2E2B25D900131EF6 /* PBXContainerItemProxy */;
		};
/* End PBXTargetDependency section */

/* Begin XCBuildConfiguration section */
		3FDE29732E2B25D900131EF6 /* Debug */ = {
			isa = XCBuildConfiguration;
			buildSettings = {
				ALWAYS_SEARCH_USER_PATHS = NO;
				ASSETCATALOG_COMPILER_GENERATE_SWIFT_ASSET_SYMBOL_EXTENSIONS = YES;
				CLANG_ANALYZER_NONNULL = YES;
				CLANG_ANALYZER_NUMBER_OBJECT_CONVERSION = YES_AGGRESSIVE;
				CLANG_CXX_LANGUAGE_STANDARD = "gnu++20";
				CLANG_ENABLE_MODULES = YES;
				CLANG_ENABLE_OBJC_ARC = YES;
				CLANG_ENABLE_OBJC_WEAK = YES;
				CLANG_WARN_BLOCK_CAPTURE_AUTORELEASING = YES;
				CLANG_WARN_BOOL_CONVERSION = YES;
				CLANG_WARN_COMMA = YES;
				CLANG_WARN_CONSTANT_CONVERSION = YES;
				CLANG_WARN_DEPRECATED_OBJC_IMPLEMENTATIONS = YES;
				CLANG_WARN_DIRECT_OBJC_ISA_USAGE = YES_ERROR;
				CLANG_WARN_DOCUMENTATION_COMMENTS = YES;
				CLANG_WARN_EMPTY_BODY = YES;
				CLANG_WARN_ENUM_CONVERSION = YES;
				CLANG_WARN_INFINITE_RECURSION = YES;
				CLANG_WARN_INT_CONVERSION = YES;
				CLANG_WARN_NON_LITERAL_NULL_CONVERSION = YES;
				CLANG_WARN_OBJC_IMPLICIT_RETAIN_SELF = YES;
				CLANG_WARN_OBJC_LITERAL_CONVERSION = YES;
				CLANG_WARN_OBJC_ROOT_CLASS = YES_ERROR;
				CLANG_WARN_QUOTED_INCLUDE_IN_FRAMEWORK_HEADER = YES;
				CLANG_WARN_RANGE_LOOP_ANALYSIS = YES;
				CLANG_WARN_STRICT_PROTOTYPES = YES;
				CLANG_WARN_SUSPICIOUS_MOVE = YES;
				CLANG_WARN_UNGUARDED_AVAILABILITY = YES_AGGRESSIVE;
				CLANG_WARN_UNREACHABLE_CODE = YES;
				CLANG_WARN__DUPLICATE_METHOD_MATCH = YES;
				COPY_PHASE_STRIP = NO;
				DEBUG_INFORMATION_FORMAT = dwarf;
				ENABLE_STRICT_OBJC_MSGSEND = YES;
				ENABLE_TESTABILITY = YES;
				ENABLE_USER_SCRIPT_SANDBOXING = YES;
				GCC_C_LANGUAGE_STANDARD = gnu17;
				GCC_DYNAMIC_NO_PIC = NO;
				GCC_NO_COMMON_BLOCKS = YES;
				GCC_OPTIMIZATION_LEVEL = 0;
				GCC_PREPROCESSOR_DEFINITIONS = (
					"DEBUG=1",
					"$(inherited)",
				);
				GCC_WARN_64_TO_32_BIT_CONVERSION = YES;
				GCC_WARN_ABOUT_RETURN_TYPE = YES_ERROR;
				GCC_WARN_UNDECLARED_SELECTOR = YES;
				GCC_WARN_UNINITIALIZED_AUTOS = YES_AGGRESSIVE;
				GCC_WARN_UNUSED_FUNCTION = YES;
				GCC_WARN_UNUSED_VARIABLE = YES;
				IPHONEOS_DEPLOYMENT_TARGET = 18.2;
				LOCALIZATION_PREFERS_STRING_CATALOGS = YES;
				MTL_ENABLE_DEBUG_INFO = INCLUDE_SOURCE;
				MTL_FAST_MATH = YES;
				ONLY_ACTIVE_ARCH = YES;
				SDKROOT = iphoneos;
				SWIFT_ACTIVE_COMPILATION_CONDITIONS = "DEBUG $(inherited)";
				SWIFT_OPTIMIZATION_LEVEL = "-Onone";
			};
			name = Debug;
		};
		3FDE29742E2B25D900131EF6 /* Release */ = {
			isa = XCBuildConfiguration;
			buildSettings = {
				ALWAYS_SEARCH_USER_PATHS = NO;
				ASSETCATALOG_COMPILER_GENERATE_SWIFT_ASSET_SYMBOL_EXTENSIONS = YES;
				CLANG_ANALYZER_NONNULL = YES;
				CLANG_ANALYZER_NUMBER_OBJECT_CONVERSION = YES_AGGRESSIVE;
				CLANG_CXX_LANGUAGE_STANDARD = "gnu++20";
				CLANG_ENABLE_MODULES = YES;
				CLANG_ENABLE_OBJC_ARC = YES;
				CLANG_ENABLE_OBJC_WEAK = YES;
				CLANG_WARN_BLOCK_CAPTURE_AUTORELEASING = YES;
				CLANG_WARN_BOOL_CONVERSION = YES;
				CLANG_WARN_COMMA = YES;
				CLANG_WARN_CONSTANT_CONVERSION = YES;
				CLANG_WARN_DEPRECATED_OBJC_IMPLEMENTATIONS = YES;
				CLANG_WARN_DIRECT_OBJC_ISA_USAGE = YES_ERROR;
				CLANG_WARN_DOCUMENTATION_COMMENTS = YES;
				CLANG_WARN_EMPTY_BODY = YES;
				CLANG_WARN_ENUM_CONVERSION = YES;
				CLANG_WARN_INFINITE_RECURSION = YES;
				CLANG_WARN_INT_CONVERSION = YES;
				CLANG_WARN_NON_LITERAL_NULL_CONVERSION = YES;
				CLANG_WARN_OBJC_IMPLICIT_RETAIN_SELF = YES;
				CLANG_WARN_OBJC_LITERAL_CONVERSION = YES;
				CLANG_WARN_OBJC_ROOT_CLASS = YES_ERROR;
				CLANG_WARN_QUOTED_INCLUDE_IN_FRAMEWORK_HEADER = YES;
				CLANG_WARN_RANGE_LOOP_ANALYSIS = YES;
				CLANG_WARN_STRICT_PROTOTYPES = YES;
				CLANG_WARN_SUSPICIOUS_MOVE = YES;
				CLANG_WARN_UNGUARDED_AVAILABILITY = YES_AGGRESSIVE;
				CLANG_WARN_UNREACHABLE_CODE = YES;
				CLANG_WARN__DUPLICATE_METHOD_MATCH = YES;
				COPY_PHASE_STRIP = NO;
				DEBUG_INFORMATION_FORMAT = "dwarf-with-dsym";
				ENABLE_NS_ASSERTIONS = NO;
				ENABLE_STRICT_OBJC_MSGSEND = YES;
				ENABLE_USER_SCRIPT_SANDBOXING = YES;
				GCC_C_LANGUAGE_STANDARD = gnu17;
				GCC_NO_COMMON_BLOCKS = YES;
				GCC_WARN_64_TO_32_BIT_CONVERSION = YES;
				GCC_WARN_ABOUT_RETURN_TYPE = YES_ERROR;
				GCC_WARN_UNDECLARED_SELECTOR = YES;
				GCC_WARN_UNINITIALIZED_AUTOS = YES_AGGRESSIVE;
				GCC_WARN_UNUSED_FUNCTION = YES;
				GCC_WARN_UNUSED_VARIABLE = YES;
				IPHONEOS_DEPLOYMENT_TARGET = 18.2;
				LOCALIZATION_PREFERS_STRING_CATALOGS = YES;
				MTL_ENABLE_DEBUG_INFO = NO;
				MTL_FAST_MATH = YES;
				SDKROOT = iphoneos;
				SWIFT_COMPILATION_MODE = wholemodule;
				VALIDATE_PRODUCT = YES;
			};
			name = Release;
		};
		3FDE29762E2B25D900131EF6 /* Debug */ = {
			isa = XCBuildConfiguration;
			buildSettings = {
				ASSETCATALOG_COMPILER_APPICON_NAME = AppIcon;
				ASSETCATALOG_COMPILER_GLOBAL_ACCENT_COLOR_NAME = AccentColor;
				CODE_SIGN_STYLE = Automatic;
				CURRENT_PROJECT_VERSION = 1;
				DEVELOPMENT_ASSET_PATHS = "\"SafeNightWalk/Preview Content\"";
				DEVELOPMENT_TEAM = QW27V3SHA3;
				ENABLE_PREVIEWS = YES;
				GENERATE_INFOPLIST_FILE = YES;
				INFOPLIST_KEY_UIApplicationSceneManifest_Generation = YES;
				INFOPLIST_KEY_UIApplicationSupportsIndirectInputEvents = YES;
				INFOPLIST_KEY_UILaunchScreen_Generation = YES;
				INFOPLIST_KEY_UISupportedInterfaceOrientations_iPad = "UIInterfaceOrientationPortrait UIInterfaceOrientationPortraitUpsideDown UIInterfaceOrientationLandscapeLeft UIInterfaceOrientationLandscapeRight";
				INFOPLIST_KEY_UISupportedInterfaceOrientations_iPhone = "UIInterfaceOrientationPortrait UIInterfaceOrientationLandscapeLeft UIInterfaceOrientationLandscapeRight";
				LD_RUNPATH_SEARCH_PATHS = (
					"$(inherited)",
					"@executable_path/Frameworks",
				);
				MARKETING_VERSION = 1.0;
				PRODUCT_BUNDLE_IDENTIFIER = com.edisoncai.SafeNightWalk;
				PRODUCT_NAME = "$(TARGET_NAME)";
				SWIFT_EMIT_LOC_STRINGS = YES;
				SWIFT_VERSION = 5.0;
				TARGETED_DEVICE_FAMILY = "1,2";
			};
			name = Debug;
		};
		3FDE29772E2B25D900131EF6 /* Release */ = {
			isa = XCBuildConfiguration;
			buildSettings = {
				ASSETCATALOG_COMPILER_APPICON_NAME = AppIcon;
				ASSETCATALOG_COMPILER_GLOBAL_ACCENT_COLOR_NAME = AccentColor;
				CODE_SIGN_STYLE = Automatic;
				CURRENT_PROJECT_VERSION = 1;
				DEVELOPMENT_ASSET_PATHS = "\"SafeNightWalk/Preview Content\"";
				DEVELOPMENT_TEAM = QW27V3SHA3;
				ENABLE_PREVIEWS = YES;
				GENERATE_INFOPLIST_FILE = YES;
				INFOPLIST_KEY_UIApplicationSceneManifest_Generation = YES;
				INFOPLIST_KEY_UIApplicationSupportsIndirectInputEvents = YES;
				INFOPLIST_KEY_UILaunchScreen_Generation = YES;
				INFOPLIST_KEY_UISupportedInterfaceOrientations_iPad = "UIInterfaceOrientationPortrait UIInterfaceOrientationPortraitUpsideDown UIInterfaceOrientationLandscapeLeft UIInterfaceOrientationLandscapeRight";
				INFOPLIST_KEY_UISupportedInterfaceOrientations_iPhone = "UIInterfaceOrientationPortrait UIInterfaceOrientationLandscapeLeft UIInterfaceOrientationLandscapeRight";
				LD_RUNPATH_SEARCH_PATHS = (
					"$(inherited)",
					"@executable_path/Frameworks",
				);
				MARKETING_VERSION = 1.0;
				PRODUCT_BUNDLE_IDENTIFIER = com.edisoncai.SafeNightWalk;
				PRODUCT_NAME = "$(TARGET_NAME)";
				SWIFT_EMIT_LOC_STRINGS = YES;
				SWIFT_VERSION = 5.0;
				TARGETED_DEVICE_FAMILY = "1,2";
			};
			name = Release;
		};
		3FDE29792E2B25D900131EF6 /* Debug */ = {
			isa = XCBuildConfiguration;
			buildSettings = {
				BUNDLE_LOADER = "$(TEST_HOST)";
				CODE_SIGN_STYLE = Automatic;
				CURRENT_PROJECT_VERSION = 1;
				DEVELOPMENT_TEAM = QW27V3SHA3;
				GENERATE_INFOPLIST_FILE = YES;
				IPHONEOS_DEPLOYMENT_TARGET = 18.2;
				MARKETING_VERSION = 1.0;
				PRODUCT_BUNDLE_IDENTIFIER = com.edisoncai.SafeNightWalkTests;
				PRODUCT_NAME = "$(TARGET_NAME)";
				SWIFT_EMIT_LOC_STRINGS = NO;
				SWIFT_VERSION = 5.0;
				TARGETED_DEVICE_FAMILY = "1,2";
				TEST_HOST = "$(BUILT_PRODUCTS_DIR)/SafeNightWalk.app/$(BUNDLE_EXECUTABLE_FOLDER_PATH)/SafeNightWalk";
			};
			name = Debug;
		};
		3FDE297A2E2B25D900131EF6 /* Release */ = {
			isa = XCBuildConfiguration;
			buildSettings = {
				BUNDLE_LOADER = "$(TEST_HOST)";
				CODE_SIGN_STYLE = Automatic;
				CURRENT_PROJECT_VERSION = 1;
				DEVELOPMENT_TEAM = QW27V3SHA3;
				GENERATE_INFOPLIST_FILE = YES;
				IPHONEOS_DEPLOYMENT_TARGET = 18.2;
				MARKETING_VERSION = 1.0;
				PRODUCT_BUNDLE_IDENTIFIER = com.edisoncai.SafeNightWalkTests;
				PRODUCT_NAME = "$(TARGET_NAME)";
				SWIFT_EMIT_LOC_STRINGS = NO;
				SWIFT_VERSION = 5.0;
				TARGETED_DEVICE_FAMILY = "1,2";
				TEST_HOST = "$(BUILT_PRODUCTS_DIR)/SafeNightWalk.app/$(BUNDLE_EXECUTABLE_FOLDER_PATH)/SafeNightWalk";
			};
			name = Release;
		};
		3FDE297C2E2B25D900131EF6 /* Debug */ = {
			isa = XCBuildConfiguration;
			buildSettings = {
				CODE_SIGN_STYLE = Automatic;
				CURRENT_PROJECT_VERSION = 1;
				DEVELOPMENT_TEAM = QW27V3SHA3;
				GENERATE_INFOPLIST_FILE = YES;
				MARKETING_VERSION = 1.0;
				PRODUCT_BUNDLE_IDENTIFIER = com.edisoncai.SafeNightWalkUITests;
				PRODUCT_NAME = "$(TARGET_NAME)";
				SWIFT_EMIT_LOC_STRINGS = NO;
				SWIFT_VERSION = 5.0;
				TARGETED_DEVICE_FAMILY = "1,2";
				TEST_TARGET_NAME = SafeNightWalk;
			};
			name = Debug;
		};
		3FDE297D2E2B25D900131EF6 /* Release */ = {
			isa = XCBuildConfiguration;
			buildSettings = {
				CODE_SIGN_STYLE = Automatic;
				CURRENT_PROJECT_VERSION = 1;
				DEVELOPMENT_TEAM = QW27V3SHA3;
				GENERATE_INFOPLIST_FILE = YES;
				MARKETING_VERSION = 1.0;
				PRODUCT_BUNDLE_IDENTIFIER = com.edisoncai.SafeNightWalkUITests;
				PRODUCT_NAME = "$(TARGET_NAME)";
				SWIFT_EMIT_LOC_STRINGS = NO;
				SWIFT_VERSION = 5.0;
				TARGETED_DEVICE_FAMILY = "1,2";
				TEST_TARGET_NAME = SafeNightWalk;
			};
			name = Release;
		};
/* End XCBuildConfiguration section */

/* Begin XCConfigurationList section */
		3FDE294A2E2B25D800131EF6 /* Build configuration list for PBXProject "SafeNightWalk" */ = {
			isa = XCConfigurationList;
			buildConfigurations = (
				3FDE29732E2B25D900131EF6 /* Debug */,
				3FDE29742E2B25D900131EF6 /* Release */,
			);
			defaultConfigurationIsVisible = 0;
			defaultConfigurationName = Release;
		};
		3FDE29752E2B25D900131EF6 /* Build configuration list for PBXNativeTarget "SafeNightWalk" */ = {
			isa = XCConfigurationList;
			buildConfigurations = (
				3FDE29762E2B25D900131EF6 /* Debug */,
				3FDE29772E2B25D900131EF6 /* Release */,
			);
			defaultConfigurationIsVisible = 0;
			defaultConfigurationName = Release;
		};
		3FDE29782E2B25D900131EF6 /* Build configuration list for PBXNativeTarget "SafeNightWalkTests" */ = {
			isa = XCConfigurationList;
			buildConfigurations = (
				3FDE29792E2B25D900131EF6 /* Debug */,
				3FDE297A2E2B25D900131EF6 /* Release */,
			);
			defaultConfigurationIsVisible = 0;
			defaultConfigurationName = Release;
		};
		3FDE297B2E2B25D900131EF6 /* Build configuration list for PBXNativeTarget "SafeNightWalkUITests" */ = {
			isa = XCConfigurationList;
			buildConfigurations = (
				3FDE297C2E2B25D900131EF6 /* Debug */,
				3FDE297D2E2B25D900131EF6 /* Release */,
			);
			defaultConfigurationIsVisible = 0;
			defaultConfigurationName = Release;
		};
/* End XCConfigurationList section */
	};
	rootObject = 3FDE29472E2B25D800131EF6 /* Project object */;
}
